
Microsoft Visual Studio Solution File, Format Version 11.00
# Visual Basic Express 2010
Project("{F184B08F-C81C-45F6-A57F-5ABD9991F28F}") = "FixConfig", "FixConfig.vbproj", "{24DA6D57-90B2-4025-BCE4-5DC91B71164B}"
EndProject
Project("{F184B08F-C81C-45F6-A57F-5ABD9991F28F}") = "CAL_cons", "..\CAL_cons\CAL_cons.vbproj", "{64F1FCC6-80B0-4612-80B5-63BB0D8E549F}"
EndProject
Project("{F184B08F-C81C-45F6-A57F-5ABD9991F28F}") = "Diag_cons", "..\Diag_cons\Diag_cons.vbproj", "{78C67B3B-A680-4AAE-9414-3F4A532167FC}"
EndProject
Project("{F184B08F-C81C-45F6-A57F-5ABD9991F28F}") = "gpuInfo", "..\GpuInfo\gpuInfo.vbproj", "{723A9873-C46A-4822-908B-E481C8F5EA3C}"
EndProject
Project("{F184B08F-C81C-45F6-A57F-5ABD9991F28F}") = "HWInfo", "..\HWInfo\HWInfo.vbproj", "{B3041FC0-062B-41A2-BE44-69EFB9E4E914}"
EndProject
Project("{F184B08F-C81C-45F6-A57F-5ABD9991F28F}") = "lspci", "..\lspci\lspci.vbproj", "{DF01CDF4-B122-4736-8A1D-DAB782F293B8}"
EndProject
Global
	GlobalSection(SolutionConfigurationPlatforms) = preSolution
		Debug|Any CPU = Debug|Any CPU
		Debug|x64 = Debug|x64
		Debug|x86 = Debug|x86
		Release|Any CPU = Release|Any CPU
		Release|x64 = Release|x64
		Release|x86 = Release|x86
	EndGlobalSection
	GlobalSection(ProjectConfigurationPlatforms) = postSolution
		{24DA6D57-90B2-4025-BCE4-5DC91B71164B}.Debug|Any CPU.ActiveCfg = Debug|x86
		{24DA6D57-90B2-4025-BCE4-5DC91B71164B}.Debug|x64.ActiveCfg = Debug|x86
		{24DA6D57-90B2-4025-BCE4-5DC91B71164B}.Debug|x86.ActiveCfg = Debug|x86
		{24DA6D57-90B2-4025-BCE4-5DC91B71164B}.Debug|x86.Build.0 = Debug|x86
		{24DA6D57-90B2-4025-BCE4-5DC91B71164B}.Release|Any CPU.ActiveCfg = Release|x86
		{24DA6D57-90B2-4025-BCE4-5DC91B71164B}.Release|x64.ActiveCfg = Release|x86
		{24DA6D57-90B2-4025-BCE4-5DC91B71164B}.Release|x86.ActiveCfg = Release|x86
		{24DA6D57-90B2-4025-BCE4-5DC91B71164B}.Release|x86.Build.0 = Release|x86
		{64F1FCC6-80B0-4612-80B5-63BB0D8E549F}.Debug|Any CPU.ActiveCfg = Debug|x86
		{64F1FCC6-80B0-4612-80B5-63BB0D8E549F}.Debug|x64.ActiveCfg = Debug|x86
		{64F1FCC6-80B0-4612-80B5-63BB0D8E549F}.Debug|x86.ActiveCfg = Debug|x86
		{64F1FCC6-80B0-4612-80B5-63BB0D8E549F}.Debug|x86.Build.0 = Debug|x86
		{64F1FCC6-80B0-4612-80B5-63BB0D8E549F}.Release|Any CPU.ActiveCfg = Release|x86
		{64F1FCC6-80B0-4612-80B5-63BB0D8E549F}.Release|x64.ActiveCfg = Release|x86
		{64F1FCC6-80B0-4612-80B5-63BB0D8E549F}.Release|x86.ActiveCfg = Release|x86
		{64F1FCC6-80B0-4612-80B5-63BB0D8E549F}.Release|x86.Build.0 = Release|x86
		{78C67B3B-A680-4AAE-9414-3F4A532167FC}.Debug|Any CPU.ActiveCfg = Debug|Any CPU
		{78C67B3B-A680-4AAE-9414-3F4A532167FC}.Debug|Any CPU.Build.0 = Debug|Any CPU
		{78C67B3B-A680-4AAE-9414-3F4A532167FC}.Debug|x64.ActiveCfg = Debug|x86
		{78C67B3B-A680-4AAE-9414-3F4A532167FC}.Debug|x86.ActiveCfg = Debug|x86
		{78C67B3B-A680-4AAE-9414-3F4A532167FC}.Debug|x86.Build.0 = Debug|x86
		{78C67B3B-A680-4AAE-9414-3F4A532167FC}.Release|Any CPU.ActiveCfg = Release|Any CPU
		{78C67B3B-A680-4AAE-9414-3F4A532167FC}.Release|Any CPU.Build.0 = Release|Any CPU
		{78C67B3B-A680-4AAE-9414-3F4A532167FC}.Release|x64.ActiveCfg = Release|x86
		{78C67B3B-A680-4AAE-9414-3F4A532167FC}.Release|x86.ActiveCfg = Release|x86
		{78C67B3B-A680-4AAE-9414-3F4A532167FC}.Release|x86.Build.0 = Release|x86
		{723A9873-C46A-4822-908B-E481C8F5EA3C}.Debug|Any CPU.ActiveCfg = Debug|Any CPU
		{723A9873-C46A-4822-908B-E481C8F5EA3C}.Debug|Any CPU.Build.0 = Debug|Any CPU
		{723A9873-C46A-4822-908B-E481C8F5EA3C}.Debug|x64.ActiveCfg = Debug|x64
		{723A9873-C46A-4822-908B-E481C8F5EA3C}.Debug|x64.Build.0 = Debug|x64
		{723A9873-C46A-4822-908B-E481C8F5EA3C}.Debug|x86.ActiveCfg = Debug|x86
		{723A9873-C46A-4822-908B-E481C8F5EA3C}.Debug|x86.Build.0 = Debug|x86
		{723A9873-C46A-4822-908B-E481C8F5EA3C}.Release|Any CPU.ActiveCfg = Release|Any CPU
		{723A9873-C46A-4822-908B-E481C8F5EA3C}.Release|Any CPU.Build.0 = Release|Any CPU
		{723A9873-C46A-4822-908B-E481C8F5EA3C}.Release|x64.ActiveCfg = Release|x64
		{723A9873-C46A-4822-908B-E481C8F5EA3C}.Release|x64.Build.0 = Release|x64
		{723A9873-C46A-4822-908B-E481C8F5EA3C}.Release|x86.ActiveCfg = Release|x86
		{723A9873-C46A-4822-908B-E481C8F5EA3C}.Release|x86.Build.0 = Release|x86
		{B3041FC0-062B-41A2-BE44-69EFB9E4E914}.Debug|Any CPU.ActiveCfg = Debug|Any CPU
		{B3041FC0-062B-41A2-BE44-69EFB9E4E914}.Debug|Any CPU.Build.0 = Debug|Any CPU
		{B3041FC0-062B-41A2-BE44-69EFB9E4E914}.Debug|x64.ActiveCfg = Debug|x64
		{B3041FC0-062B-41A2-BE44-69EFB9E4E914}.Debug|x64.Build.0 = Debug|x64
		{B3041FC0-062B-41A2-BE44-69EFB9E4E914}.Debug|x86.ActiveCfg = Debug|Any CPU
		{B3041FC0-062B-41A2-BE44-69EFB9E4E914}.Debug|x86.Build.0 = Debug|Any CPU
		{B3041FC0-062B-41A2-BE44-69EFB9E4E914}.Release|Any CPU.ActiveCfg = Release|Any CPU
		{B3041FC0-062B-41A2-BE44-69EFB9E4E914}.Release|Any CPU.Build.0 = Release|Any CPU
		{B3041FC0-062B-41A2-BE44-69EFB9E4E914}.Release|x64.ActiveCfg = Release|x64
		{B3041FC0-062B-41A2-BE44-69EFB9E4E914}.Release|x64.Build.0 = Release|x64
		{B3041FC0-062B-41A2-BE44-69EFB9E4E914}.Release|x86.ActiveCfg = Release|Any CPU
		{B3041FC0-062B-41A2-BE44-69EFB9E4E914}.Release|x86.Build.0 = Release|Any CPU
		{DF01CDF4-B122-4736-8A1D-DAB782F293B8}.Debug|Any CPU.ActiveCfg = Debug|Any CPU
		{DF01CDF4-B122-4736-8A1D-DAB782F293B8}.Debug|Any CPU.Build.0 = Debug|Any CPU
		{DF01CDF4-B122-4736-8A1D-DAB782F293B8}.Debug|x64.ActiveCfg = Debug|x86
		{DF01CDF4-B122-4736-8A1D-DAB782F293B8}.Debug|x86.ActiveCfg = Debug|x86
		{DF01CDF4-B122-4736-8A1D-DAB782F293B8}.Debug|x86.Build.0 = Debug|x86
		{DF01CDF4-B122-4736-8A1D-DAB782F293B8}.Release|Any CPU.ActiveCfg = Release|Any CPU
		{DF01CDF4-B122-4736-8A1D-DAB782F293B8}.Release|Any CPU.Build.0 = Release|Any CPU
		{DF01CDF4-B122-4736-8A1D-DAB782F293B8}.Release|x64.ActiveCfg = Release|x86
		{DF01CDF4-B122-4736-8A1D-DAB782F293B8}.Release|x86.ActiveCfg = Release|x86
		{DF01CDF4-B122-4736-8A1D-DAB782F293B8}.Release|x86.Build.0 = Release|x86
	EndGlobalSection
	GlobalSection(SolutionProperties) = preSolution
		HideSolutionNode = FALSE
	EndGlobalSection
EndGlobal
