
Microsoft Visual Studio Solution File, Format Version 11.00
# Visual Studio 2010
Project("{F184B08F-C81C-45F6-A57F-5ABD9991F28F}") = "FAHWatch7", "FAHWatch7\FAHWatch7.vbproj", "{72D64EBC-A2BD-42AD-8638-F505782B7900}"
EndProject
Project("{F184B08F-C81C-45F6-A57F-5ABD9991F28F}") = "lspci", "lspci\lspci.vbproj", "{DF01CDF4-B122-4736-8A1D-DAB782F293B8}"
EndProject
Project("{F184B08F-C81C-45F6-A57F-5ABD9991F28F}") = "gpuInfo", "GpuInfo\gpuInfo.vbproj", "{723A9873-C46A-4822-908B-E481C8F5EA3C}"
EndProject
Project("{F184B08F-C81C-45F6-A57F-5ABD9991F28F}") = "HWInfo", "HWInfo\HWInfo.vbproj", "{B3041FC0-062B-41A2-BE44-69EFB9E4E914}"
EndProject
Project("{F184B08F-C81C-45F6-A57F-5ABD9991F28F}") = "LumberJack", "LogExtender\LumberJack.vbproj", "{36137EBB-CD9A-46B0-9CDC-FACD7D3720EF}"
EndProject
Project("{6141683F-8A12-4E36-9623-2EB02B2C2303}") = "Setup", "Setup\Setup.isproj", "{78238D52-6F9E-461B-8171-F47E64528BE1}"
	ProjectSection(ProjectDependencies) = postProject
		{723A9873-C46A-4822-908B-E481C8F5EA3C} = {723A9873-C46A-4822-908B-E481C8F5EA3C}
		{723A9873-C46A-4822-908B-E481C8F5EA3C} = {723A9873-C46A-4822-908B-E481C8F5EA3C}
		{36137EBB-CD9A-46B0-9CDC-FACD7D3720EF} = {36137EBB-CD9A-46B0-9CDC-FACD7D3720EF}
		{36137EBB-CD9A-46B0-9CDC-FACD7D3720EF} = {36137EBB-CD9A-46B0-9CDC-FACD7D3720EF}
		{72D64EBC-A2BD-42AD-8638-F505782B7900} = {72D64EBC-A2BD-42AD-8638-F505782B7900}
		{72D64EBC-A2BD-42AD-8638-F505782B7900} = {72D64EBC-A2BD-42AD-8638-F505782B7900}
		{B3041FC0-062B-41A2-BE44-69EFB9E4E914} = {B3041FC0-062B-41A2-BE44-69EFB9E4E914}
		{B3041FC0-062B-41A2-BE44-69EFB9E4E914} = {B3041FC0-062B-41A2-BE44-69EFB9E4E914}
		{DF01CDF4-B122-4736-8A1D-DAB782F293B8} = {DF01CDF4-B122-4736-8A1D-DAB782F293B8}
		{DF01CDF4-B122-4736-8A1D-DAB782F293B8} = {DF01CDF4-B122-4736-8A1D-DAB782F293B8}
	EndProjectSection
EndProject
Project("{F184B08F-C81C-45F6-A57F-5ABD9991F28F}") = "Clean", "Clean\Clean.vbproj", "{DA9CC48B-0F83-4332-BB9B-04DC05A0E760}"
EndProject
Global
	GlobalSection(SolutionConfigurationPlatforms) = preSolution
		CD_ROM|Any CPU = CD_ROM|Any CPU
		CD_ROM|Mixed Platforms = CD_ROM|Mixed Platforms
		CD_ROM|x64 = CD_ROM|x64
		CD_ROM|x86 = CD_ROM|x86
		Debug|Any CPU = Debug|Any CPU
		Debug|Mixed Platforms = Debug|Mixed Platforms
		Debug|x64 = Debug|x64
		Debug|x86 = Debug|x86
		DVD-5|Any CPU = DVD-5|Any CPU
		DVD-5|Mixed Platforms = DVD-5|Mixed Platforms
		DVD-5|x64 = DVD-5|x64
		DVD-5|x86 = DVD-5|x86
		Release|Any CPU = Release|Any CPU
		Release|Mixed Platforms = Release|Mixed Platforms
		Release|x64 = Release|x64
		Release|x86 = Release|x86
		SingleImage|Any CPU = SingleImage|Any CPU
		SingleImage|Mixed Platforms = SingleImage|Mixed Platforms
		SingleImage|x64 = SingleImage|x64
		SingleImage|x86 = SingleImage|x86
		tpfMargin|Any CPU = tpfMargin|Any CPU
		tpfMargin|Mixed Platforms = tpfMargin|Mixed Platforms
		tpfMargin|x64 = tpfMargin|x64
		tpfMargin|x86 = tpfMargin|x86
	EndGlobalSection
	GlobalSection(ProjectConfigurationPlatforms) = postSolution
		{72D64EBC-A2BD-42AD-8638-F505782B7900}.CD_ROM|Any CPU.ActiveCfg = tpfMargin|x86
		{72D64EBC-A2BD-42AD-8638-F505782B7900}.CD_ROM|Mixed Platforms.ActiveCfg = tpfMargin|x86
		{72D64EBC-A2BD-42AD-8638-F505782B7900}.CD_ROM|Mixed Platforms.Build.0 = tpfMargin|x86
		{72D64EBC-A2BD-42AD-8638-F505782B7900}.CD_ROM|x64.ActiveCfg = tpfMargin|x86
		{72D64EBC-A2BD-42AD-8638-F505782B7900}.CD_ROM|x86.ActiveCfg = tpfMargin|x86
		{72D64EBC-A2BD-42AD-8638-F505782B7900}.CD_ROM|x86.Build.0 = tpfMargin|x86
		{72D64EBC-A2BD-42AD-8638-F505782B7900}.Debug|Any CPU.ActiveCfg = Debug|x86
		{72D64EBC-A2BD-42AD-8638-F505782B7900}.Debug|Mixed Platforms.ActiveCfg = Debug|x86
		{72D64EBC-A2BD-42AD-8638-F505782B7900}.Debug|Mixed Platforms.Build.0 = Debug|x86
		{72D64EBC-A2BD-42AD-8638-F505782B7900}.Debug|x64.ActiveCfg = Debug|x86
		{72D64EBC-A2BD-42AD-8638-F505782B7900}.Debug|x86.ActiveCfg = Debug|x86
		{72D64EBC-A2BD-42AD-8638-F505782B7900}.Debug|x86.Build.0 = Debug|x86
		{72D64EBC-A2BD-42AD-8638-F505782B7900}.DVD-5|Any CPU.ActiveCfg = Debug|x86
		{72D64EBC-A2BD-42AD-8638-F505782B7900}.DVD-5|Mixed Platforms.ActiveCfg = Debug|x86
		{72D64EBC-A2BD-42AD-8638-F505782B7900}.DVD-5|Mixed Platforms.Build.0 = Debug|x86
		{72D64EBC-A2BD-42AD-8638-F505782B7900}.DVD-5|x64.ActiveCfg = Debug|x86
		{72D64EBC-A2BD-42AD-8638-F505782B7900}.DVD-5|x86.ActiveCfg = Debug|x86
		{72D64EBC-A2BD-42AD-8638-F505782B7900}.DVD-5|x86.Build.0 = Debug|x86
		{72D64EBC-A2BD-42AD-8638-F505782B7900}.Release|Any CPU.ActiveCfg = Release|x86
		{72D64EBC-A2BD-42AD-8638-F505782B7900}.Release|Mixed Platforms.ActiveCfg = Release|x86
		{72D64EBC-A2BD-42AD-8638-F505782B7900}.Release|Mixed Platforms.Build.0 = Release|x86
		{72D64EBC-A2BD-42AD-8638-F505782B7900}.Release|x64.ActiveCfg = Release|x86
		{72D64EBC-A2BD-42AD-8638-F505782B7900}.Release|x86.ActiveCfg = Release|x86
		{72D64EBC-A2BD-42AD-8638-F505782B7900}.Release|x86.Build.0 = Release|x86
		{72D64EBC-A2BD-42AD-8638-F505782B7900}.SingleImage|Any CPU.ActiveCfg = tpfMargin|x86
		{72D64EBC-A2BD-42AD-8638-F505782B7900}.SingleImage|Mixed Platforms.ActiveCfg = tpfMargin|x86
		{72D64EBC-A2BD-42AD-8638-F505782B7900}.SingleImage|Mixed Platforms.Build.0 = tpfMargin|x86
		{72D64EBC-A2BD-42AD-8638-F505782B7900}.SingleImage|x64.ActiveCfg = tpfMargin|x86
		{72D64EBC-A2BD-42AD-8638-F505782B7900}.SingleImage|x86.ActiveCfg = tpfMargin|x86
		{72D64EBC-A2BD-42AD-8638-F505782B7900}.SingleImage|x86.Build.0 = tpfMargin|x86
		{72D64EBC-A2BD-42AD-8638-F505782B7900}.tpfMargin|Any CPU.ActiveCfg = tpfMargin|x86
		{72D64EBC-A2BD-42AD-8638-F505782B7900}.tpfMargin|Mixed Platforms.ActiveCfg = tpfMargin|x86
		{72D64EBC-A2BD-42AD-8638-F505782B7900}.tpfMargin|Mixed Platforms.Build.0 = tpfMargin|x86
		{72D64EBC-A2BD-42AD-8638-F505782B7900}.tpfMargin|x64.ActiveCfg = tpfMargin|x86
		{72D64EBC-A2BD-42AD-8638-F505782B7900}.tpfMargin|x86.ActiveCfg = tpfMargin|x86
		{72D64EBC-A2BD-42AD-8638-F505782B7900}.tpfMargin|x86.Build.0 = tpfMargin|x86
		{DF01CDF4-B122-4736-8A1D-DAB782F293B8}.CD_ROM|Any CPU.ActiveCfg = tpfMargin|x86
		{DF01CDF4-B122-4736-8A1D-DAB782F293B8}.CD_ROM|Mixed Platforms.ActiveCfg = tpfMargin|x86
		{DF01CDF4-B122-4736-8A1D-DAB782F293B8}.CD_ROM|Mixed Platforms.Build.0 = tpfMargin|x86
		{DF01CDF4-B122-4736-8A1D-DAB782F293B8}.CD_ROM|x64.ActiveCfg = tpfMargin|x86
		{DF01CDF4-B122-4736-8A1D-DAB782F293B8}.CD_ROM|x86.ActiveCfg = tpfMargin|x86
		{DF01CDF4-B122-4736-8A1D-DAB782F293B8}.CD_ROM|x86.Build.0 = tpfMargin|x86
		{DF01CDF4-B122-4736-8A1D-DAB782F293B8}.Debug|Any CPU.ActiveCfg = Debug|Any CPU
		{DF01CDF4-B122-4736-8A1D-DAB782F293B8}.Debug|Any CPU.Build.0 = Debug|Any CPU
		{DF01CDF4-B122-4736-8A1D-DAB782F293B8}.Debug|Mixed Platforms.ActiveCfg = Debug|x86
		{DF01CDF4-B122-4736-8A1D-DAB782F293B8}.Debug|Mixed Platforms.Build.0 = Debug|x86
		{DF01CDF4-B122-4736-8A1D-DAB782F293B8}.Debug|x64.ActiveCfg = Debug|x86
		{DF01CDF4-B122-4736-8A1D-DAB782F293B8}.Debug|x86.ActiveCfg = Debug|x86
		{DF01CDF4-B122-4736-8A1D-DAB782F293B8}.Debug|x86.Build.0 = Debug|x86
		{DF01CDF4-B122-4736-8A1D-DAB782F293B8}.DVD-5|Any CPU.ActiveCfg = Debug|x86
		{DF01CDF4-B122-4736-8A1D-DAB782F293B8}.DVD-5|Mixed Platforms.ActiveCfg = Debug|x86
		{DF01CDF4-B122-4736-8A1D-DAB782F293B8}.DVD-5|Mixed Platforms.Build.0 = Debug|x86
		{DF01CDF4-B122-4736-8A1D-DAB782F293B8}.DVD-5|x64.ActiveCfg = Debug|x86
		{DF01CDF4-B122-4736-8A1D-DAB782F293B8}.DVD-5|x86.ActiveCfg = Debug|x86
		{DF01CDF4-B122-4736-8A1D-DAB782F293B8}.DVD-5|x86.Build.0 = Debug|x86
		{DF01CDF4-B122-4736-8A1D-DAB782F293B8}.Release|Any CPU.ActiveCfg = Release|Any CPU
		{DF01CDF4-B122-4736-8A1D-DAB782F293B8}.Release|Any CPU.Build.0 = Release|Any CPU
		{DF01CDF4-B122-4736-8A1D-DAB782F293B8}.Release|Mixed Platforms.ActiveCfg = Release|x86
		{DF01CDF4-B122-4736-8A1D-DAB782F293B8}.Release|Mixed Platforms.Build.0 = Release|x86
		{DF01CDF4-B122-4736-8A1D-DAB782F293B8}.Release|x64.ActiveCfg = Release|x86
		{DF01CDF4-B122-4736-8A1D-DAB782F293B8}.Release|x86.ActiveCfg = Release|x86
		{DF01CDF4-B122-4736-8A1D-DAB782F293B8}.Release|x86.Build.0 = Release|x86
		{DF01CDF4-B122-4736-8A1D-DAB782F293B8}.SingleImage|Any CPU.ActiveCfg = tpfMargin|x86
		{DF01CDF4-B122-4736-8A1D-DAB782F293B8}.SingleImage|Mixed Platforms.ActiveCfg = tpfMargin|x86
		{DF01CDF4-B122-4736-8A1D-DAB782F293B8}.SingleImage|Mixed Platforms.Build.0 = tpfMargin|x86
		{DF01CDF4-B122-4736-8A1D-DAB782F293B8}.SingleImage|x64.ActiveCfg = tpfMargin|x86
		{DF01CDF4-B122-4736-8A1D-DAB782F293B8}.SingleImage|x86.ActiveCfg = tpfMargin|x86
		{DF01CDF4-B122-4736-8A1D-DAB782F293B8}.SingleImage|x86.Build.0 = tpfMargin|x86
		{DF01CDF4-B122-4736-8A1D-DAB782F293B8}.tpfMargin|Any CPU.ActiveCfg = tpfMargin|Any CPU
		{DF01CDF4-B122-4736-8A1D-DAB782F293B8}.tpfMargin|Any CPU.Build.0 = tpfMargin|Any CPU
		{DF01CDF4-B122-4736-8A1D-DAB782F293B8}.tpfMargin|Mixed Platforms.ActiveCfg = tpfMargin|x86
		{DF01CDF4-B122-4736-8A1D-DAB782F293B8}.tpfMargin|Mixed Platforms.Build.0 = tpfMargin|x86
		{DF01CDF4-B122-4736-8A1D-DAB782F293B8}.tpfMargin|x64.ActiveCfg = tpfMargin|x86
		{DF01CDF4-B122-4736-8A1D-DAB782F293B8}.tpfMargin|x86.ActiveCfg = tpfMargin|x86
		{DF01CDF4-B122-4736-8A1D-DAB782F293B8}.tpfMargin|x86.Build.0 = tpfMargin|x86
		{723A9873-C46A-4822-908B-E481C8F5EA3C}.CD_ROM|Any CPU.ActiveCfg = tpfMargin|x64
		{723A9873-C46A-4822-908B-E481C8F5EA3C}.CD_ROM|Mixed Platforms.ActiveCfg = tpfMargin|x64
		{723A9873-C46A-4822-908B-E481C8F5EA3C}.CD_ROM|Mixed Platforms.Build.0 = tpfMargin|x64
		{723A9873-C46A-4822-908B-E481C8F5EA3C}.CD_ROM|x64.ActiveCfg = tpfMargin|x64
		{723A9873-C46A-4822-908B-E481C8F5EA3C}.CD_ROM|x64.Build.0 = tpfMargin|x64
		{723A9873-C46A-4822-908B-E481C8F5EA3C}.CD_ROM|x86.ActiveCfg = tpfMargin|x64
		{723A9873-C46A-4822-908B-E481C8F5EA3C}.Debug|Any CPU.ActiveCfg = Debug|Any CPU
		{723A9873-C46A-4822-908B-E481C8F5EA3C}.Debug|Any CPU.Build.0 = Debug|Any CPU
		{723A9873-C46A-4822-908B-E481C8F5EA3C}.Debug|Mixed Platforms.ActiveCfg = Debug|x86
		{723A9873-C46A-4822-908B-E481C8F5EA3C}.Debug|Mixed Platforms.Build.0 = Debug|x86
		{723A9873-C46A-4822-908B-E481C8F5EA3C}.Debug|x64.ActiveCfg = Debug|x64
		{723A9873-C46A-4822-908B-E481C8F5EA3C}.Debug|x64.Build.0 = Debug|x64
		{723A9873-C46A-4822-908B-E481C8F5EA3C}.Debug|x86.ActiveCfg = Debug|x86
		{723A9873-C46A-4822-908B-E481C8F5EA3C}.Debug|x86.Build.0 = Debug|x86
		{723A9873-C46A-4822-908B-E481C8F5EA3C}.DVD-5|Any CPU.ActiveCfg = Debug|x64
		{723A9873-C46A-4822-908B-E481C8F5EA3C}.DVD-5|Mixed Platforms.ActiveCfg = Debug|x64
		{723A9873-C46A-4822-908B-E481C8F5EA3C}.DVD-5|Mixed Platforms.Build.0 = Debug|x64
		{723A9873-C46A-4822-908B-E481C8F5EA3C}.DVD-5|x64.ActiveCfg = Debug|x64
		{723A9873-C46A-4822-908B-E481C8F5EA3C}.DVD-5|x64.Build.0 = Debug|x64
		{723A9873-C46A-4822-908B-E481C8F5EA3C}.DVD-5|x86.ActiveCfg = Debug|x64
		{723A9873-C46A-4822-908B-E481C8F5EA3C}.Release|Any CPU.ActiveCfg = Release|Any CPU
		{723A9873-C46A-4822-908B-E481C8F5EA3C}.Release|Any CPU.Build.0 = Release|Any CPU
		{723A9873-C46A-4822-908B-E481C8F5EA3C}.Release|Mixed Platforms.ActiveCfg = Release|x64
		{723A9873-C46A-4822-908B-E481C8F5EA3C}.Release|Mixed Platforms.Build.0 = Release|x64
		{723A9873-C46A-4822-908B-E481C8F5EA3C}.Release|x64.ActiveCfg = Release|x64
		{723A9873-C46A-4822-908B-E481C8F5EA3C}.Release|x64.Build.0 = Release|x64
		{723A9873-C46A-4822-908B-E481C8F5EA3C}.Release|x86.ActiveCfg = Release|x86
		{723A9873-C46A-4822-908B-E481C8F5EA3C}.Release|x86.Build.0 = Release|x86
		{723A9873-C46A-4822-908B-E481C8F5EA3C}.SingleImage|Any CPU.ActiveCfg = tpfMargin|x64
		{723A9873-C46A-4822-908B-E481C8F5EA3C}.SingleImage|Mixed Platforms.ActiveCfg = tpfMargin|x64
		{723A9873-C46A-4822-908B-E481C8F5EA3C}.SingleImage|Mixed Platforms.Build.0 = tpfMargin|x64
		{723A9873-C46A-4822-908B-E481C8F5EA3C}.SingleImage|x64.ActiveCfg = tpfMargin|x64
		{723A9873-C46A-4822-908B-E481C8F5EA3C}.SingleImage|x64.Build.0 = tpfMargin|x64
		{723A9873-C46A-4822-908B-E481C8F5EA3C}.SingleImage|x86.ActiveCfg = tpfMargin|x64
		{723A9873-C46A-4822-908B-E481C8F5EA3C}.tpfMargin|Any CPU.ActiveCfg = tpfMargin|Any CPU
		{723A9873-C46A-4822-908B-E481C8F5EA3C}.tpfMargin|Any CPU.Build.0 = tpfMargin|Any CPU
		{723A9873-C46A-4822-908B-E481C8F5EA3C}.tpfMargin|Mixed Platforms.ActiveCfg = tpfMargin|x64
		{723A9873-C46A-4822-908B-E481C8F5EA3C}.tpfMargin|Mixed Platforms.Build.0 = tpfMargin|x64
		{723A9873-C46A-4822-908B-E481C8F5EA3C}.tpfMargin|x64.ActiveCfg = tpfMargin|x64
		{723A9873-C46A-4822-908B-E481C8F5EA3C}.tpfMargin|x64.Build.0 = tpfMargin|x64
		{723A9873-C46A-4822-908B-E481C8F5EA3C}.tpfMargin|x86.ActiveCfg = tpfMargin|x86
		{723A9873-C46A-4822-908B-E481C8F5EA3C}.tpfMargin|x86.Build.0 = tpfMargin|x86
		{B3041FC0-062B-41A2-BE44-69EFB9E4E914}.CD_ROM|Any CPU.ActiveCfg = tpfMargin|x64
		{B3041FC0-062B-41A2-BE44-69EFB9E4E914}.CD_ROM|Mixed Platforms.ActiveCfg = tpfMargin|x64
		{B3041FC0-062B-41A2-BE44-69EFB9E4E914}.CD_ROM|Mixed Platforms.Build.0 = tpfMargin|x64
		{B3041FC0-062B-41A2-BE44-69EFB9E4E914}.CD_ROM|x64.ActiveCfg = tpfMargin|x64
		{B3041FC0-062B-41A2-BE44-69EFB9E4E914}.CD_ROM|x64.Build.0 = tpfMargin|x64
		{B3041FC0-062B-41A2-BE44-69EFB9E4E914}.CD_ROM|x86.ActiveCfg = tpfMargin|x64
		{B3041FC0-062B-41A2-BE44-69EFB9E4E914}.Debug|Any CPU.ActiveCfg = Debug|Any CPU
		{B3041FC0-062B-41A2-BE44-69EFB9E4E914}.Debug|Any CPU.Build.0 = Debug|Any CPU
		{B3041FC0-062B-41A2-BE44-69EFB9E4E914}.Debug|Mixed Platforms.ActiveCfg = Debug|x86
		{B3041FC0-062B-41A2-BE44-69EFB9E4E914}.Debug|Mixed Platforms.Build.0 = Debug|x86
		{B3041FC0-062B-41A2-BE44-69EFB9E4E914}.Debug|x64.ActiveCfg = Debug|x64
		{B3041FC0-062B-41A2-BE44-69EFB9E4E914}.Debug|x64.Build.0 = Debug|x64
		{B3041FC0-062B-41A2-BE44-69EFB9E4E914}.Debug|x86.ActiveCfg = Debug|x86
		{B3041FC0-062B-41A2-BE44-69EFB9E4E914}.Debug|x86.Build.0 = Debug|x86
		{B3041FC0-062B-41A2-BE44-69EFB9E4E914}.DVD-5|Any CPU.ActiveCfg = Debug|x64
		{B3041FC0-062B-41A2-BE44-69EFB9E4E914}.DVD-5|Mixed Platforms.ActiveCfg = Debug|x64
		{B3041FC0-062B-41A2-BE44-69EFB9E4E914}.DVD-5|Mixed Platforms.Build.0 = Debug|x64
		{B3041FC0-062B-41A2-BE44-69EFB9E4E914}.DVD-5|x64.ActiveCfg = Debug|x64
		{B3041FC0-062B-41A2-BE44-69EFB9E4E914}.DVD-5|x64.Build.0 = Debug|x64
		{B3041FC0-062B-41A2-BE44-69EFB9E4E914}.DVD-5|x86.ActiveCfg = Debug|x64
		{B3041FC0-062B-41A2-BE44-69EFB9E4E914}.Release|Any CPU.ActiveCfg = Release|Any CPU
		{B3041FC0-062B-41A2-BE44-69EFB9E4E914}.Release|Any CPU.Build.0 = Release|Any CPU
		{B3041FC0-062B-41A2-BE44-69EFB9E4E914}.Release|Mixed Platforms.ActiveCfg = Release|x64
		{B3041FC0-062B-41A2-BE44-69EFB9E4E914}.Release|Mixed Platforms.Build.0 = Release|x64
		{B3041FC0-062B-41A2-BE44-69EFB9E4E914}.Release|x64.ActiveCfg = Release|x64
		{B3041FC0-062B-41A2-BE44-69EFB9E4E914}.Release|x64.Build.0 = Release|x64
		{B3041FC0-062B-41A2-BE44-69EFB9E4E914}.Release|x86.ActiveCfg = Release|x86
		{B3041FC0-062B-41A2-BE44-69EFB9E4E914}.Release|x86.Build.0 = Release|x86
		{B3041FC0-062B-41A2-BE44-69EFB9E4E914}.SingleImage|Any CPU.ActiveCfg = tpfMargin|x64
		{B3041FC0-062B-41A2-BE44-69EFB9E4E914}.SingleImage|Mixed Platforms.ActiveCfg = tpfMargin|x64
		{B3041FC0-062B-41A2-BE44-69EFB9E4E914}.SingleImage|Mixed Platforms.Build.0 = tpfMargin|x64
		{B3041FC0-062B-41A2-BE44-69EFB9E4E914}.SingleImage|x64.ActiveCfg = tpfMargin|x64
		{B3041FC0-062B-41A2-BE44-69EFB9E4E914}.SingleImage|x64.Build.0 = tpfMargin|x64
		{B3041FC0-062B-41A2-BE44-69EFB9E4E914}.SingleImage|x86.ActiveCfg = tpfMargin|x64
		{B3041FC0-062B-41A2-BE44-69EFB9E4E914}.tpfMargin|Any CPU.ActiveCfg = tpfMargin|Any CPU
		{B3041FC0-062B-41A2-BE44-69EFB9E4E914}.tpfMargin|Any CPU.Build.0 = tpfMargin|Any CPU
		{B3041FC0-062B-41A2-BE44-69EFB9E4E914}.tpfMargin|Mixed Platforms.ActiveCfg = tpfMargin|x64
		{B3041FC0-062B-41A2-BE44-69EFB9E4E914}.tpfMargin|Mixed Platforms.Build.0 = tpfMargin|x64
		{B3041FC0-062B-41A2-BE44-69EFB9E4E914}.tpfMargin|x64.ActiveCfg = tpfMargin|x64
		{B3041FC0-062B-41A2-BE44-69EFB9E4E914}.tpfMargin|x64.Build.0 = tpfMargin|x64
		{B3041FC0-062B-41A2-BE44-69EFB9E4E914}.tpfMargin|x86.ActiveCfg = tpfMargin|x86
		{B3041FC0-062B-41A2-BE44-69EFB9E4E914}.tpfMargin|x86.Build.0 = tpfMargin|x86
		{36137EBB-CD9A-46B0-9CDC-FACD7D3720EF}.CD_ROM|Any CPU.ActiveCfg = Release|x86
		{36137EBB-CD9A-46B0-9CDC-FACD7D3720EF}.CD_ROM|Mixed Platforms.ActiveCfg = Release|x86
		{36137EBB-CD9A-46B0-9CDC-FACD7D3720EF}.CD_ROM|Mixed Platforms.Build.0 = Release|x86
		{36137EBB-CD9A-46B0-9CDC-FACD7D3720EF}.CD_ROM|x64.ActiveCfg = Release|x86
		{36137EBB-CD9A-46B0-9CDC-FACD7D3720EF}.CD_ROM|x86.ActiveCfg = Release|x86
		{36137EBB-CD9A-46B0-9CDC-FACD7D3720EF}.CD_ROM|x86.Build.0 = Release|x86
		{36137EBB-CD9A-46B0-9CDC-FACD7D3720EF}.Debug|Any CPU.ActiveCfg = Debug|Any CPU
		{36137EBB-CD9A-46B0-9CDC-FACD7D3720EF}.Debug|Any CPU.Build.0 = Debug|Any CPU
		{36137EBB-CD9A-46B0-9CDC-FACD7D3720EF}.Debug|Mixed Platforms.ActiveCfg = Debug|x86
		{36137EBB-CD9A-46B0-9CDC-FACD7D3720EF}.Debug|Mixed Platforms.Build.0 = Debug|x86
		{36137EBB-CD9A-46B0-9CDC-FACD7D3720EF}.Debug|x64.ActiveCfg = Debug|Any CPU
		{36137EBB-CD9A-46B0-9CDC-FACD7D3720EF}.Debug|x86.ActiveCfg = Debug|x86
		{36137EBB-CD9A-46B0-9CDC-FACD7D3720EF}.Debug|x86.Build.0 = Debug|x86
		{36137EBB-CD9A-46B0-9CDC-FACD7D3720EF}.DVD-5|Any CPU.ActiveCfg = Debug|x86
		{36137EBB-CD9A-46B0-9CDC-FACD7D3720EF}.DVD-5|Mixed Platforms.ActiveCfg = Debug|x86
		{36137EBB-CD9A-46B0-9CDC-FACD7D3720EF}.DVD-5|Mixed Platforms.Build.0 = Debug|x86
		{36137EBB-CD9A-46B0-9CDC-FACD7D3720EF}.DVD-5|x64.ActiveCfg = Debug|x86
		{36137EBB-CD9A-46B0-9CDC-FACD7D3720EF}.DVD-5|x86.ActiveCfg = Debug|x86
		{36137EBB-CD9A-46B0-9CDC-FACD7D3720EF}.DVD-5|x86.Build.0 = Debug|x86
		{36137EBB-CD9A-46B0-9CDC-FACD7D3720EF}.Release|Any CPU.ActiveCfg = Release|Any CPU
		{36137EBB-CD9A-46B0-9CDC-FACD7D3720EF}.Release|Any CPU.Build.0 = Release|Any CPU
		{36137EBB-CD9A-46B0-9CDC-FACD7D3720EF}.Release|Mixed Platforms.ActiveCfg = Release|Any CPU
		{36137EBB-CD9A-46B0-9CDC-FACD7D3720EF}.Release|Mixed Platforms.Build.0 = Release|Any CPU
		{36137EBB-CD9A-46B0-9CDC-FACD7D3720EF}.Release|x64.ActiveCfg = Release|Any CPU
		{36137EBB-CD9A-46B0-9CDC-FACD7D3720EF}.Release|x86.ActiveCfg = Release|x86
		{36137EBB-CD9A-46B0-9CDC-FACD7D3720EF}.Release|x86.Build.0 = Release|x86
		{36137EBB-CD9A-46B0-9CDC-FACD7D3720EF}.SingleImage|Any CPU.ActiveCfg = Release|x86
		{36137EBB-CD9A-46B0-9CDC-FACD7D3720EF}.SingleImage|Mixed Platforms.ActiveCfg = Release|x86
		{36137EBB-CD9A-46B0-9CDC-FACD7D3720EF}.SingleImage|Mixed Platforms.Build.0 = Release|x86
		{36137EBB-CD9A-46B0-9CDC-FACD7D3720EF}.SingleImage|x64.ActiveCfg = Release|x86
		{36137EBB-CD9A-46B0-9CDC-FACD7D3720EF}.SingleImage|x86.ActiveCfg = Release|x86
		{36137EBB-CD9A-46B0-9CDC-FACD7D3720EF}.SingleImage|x86.Build.0 = Release|x86
		{36137EBB-CD9A-46B0-9CDC-FACD7D3720EF}.tpfMargin|Any CPU.ActiveCfg = Release|Any CPU
		{36137EBB-CD9A-46B0-9CDC-FACD7D3720EF}.tpfMargin|Any CPU.Build.0 = Release|Any CPU
		{36137EBB-CD9A-46B0-9CDC-FACD7D3720EF}.tpfMargin|Mixed Platforms.ActiveCfg = Release|Any CPU
		{36137EBB-CD9A-46B0-9CDC-FACD7D3720EF}.tpfMargin|Mixed Platforms.Build.0 = Release|Any CPU
		{36137EBB-CD9A-46B0-9CDC-FACD7D3720EF}.tpfMargin|x64.ActiveCfg = Release|Any CPU
		{36137EBB-CD9A-46B0-9CDC-FACD7D3720EF}.tpfMargin|x86.ActiveCfg = Release|Any CPU
		{78238D52-6F9E-461B-8171-F47E64528BE1}.CD_ROM|Any CPU.ActiveCfg = CD_ROM
		{78238D52-6F9E-461B-8171-F47E64528BE1}.CD_ROM|Any CPU.Build.0 = CD_ROM
		{78238D52-6F9E-461B-8171-F47E64528BE1}.CD_ROM|Mixed Platforms.ActiveCfg = CD_ROM
		{78238D52-6F9E-461B-8171-F47E64528BE1}.CD_ROM|Mixed Platforms.Build.0 = CD_ROM
		{78238D52-6F9E-461B-8171-F47E64528BE1}.CD_ROM|x64.ActiveCfg = CD_ROM
		{78238D52-6F9E-461B-8171-F47E64528BE1}.CD_ROM|x64.Build.0 = CD_ROM
		{78238D52-6F9E-461B-8171-F47E64528BE1}.CD_ROM|x86.ActiveCfg = CD_ROM
		{78238D52-6F9E-461B-8171-F47E64528BE1}.CD_ROM|x86.Build.0 = CD_ROM
		{78238D52-6F9E-461B-8171-F47E64528BE1}.Debug|Any CPU.ActiveCfg = DVD-5
		{78238D52-6F9E-461B-8171-F47E64528BE1}.Debug|Any CPU.Build.0 = DVD-5
		{78238D52-6F9E-461B-8171-F47E64528BE1}.Debug|Mixed Platforms.ActiveCfg = DVD-5
		{78238D52-6F9E-461B-8171-F47E64528BE1}.Debug|Mixed Platforms.Build.0 = DVD-5
		{78238D52-6F9E-461B-8171-F47E64528BE1}.Debug|x64.ActiveCfg = DVD-5
		{78238D52-6F9E-461B-8171-F47E64528BE1}.Debug|x64.Build.0 = DVD-5
		{78238D52-6F9E-461B-8171-F47E64528BE1}.Debug|x86.ActiveCfg = DVD-5
		{78238D52-6F9E-461B-8171-F47E64528BE1}.DVD-5|Any CPU.ActiveCfg = DVD-5
		{78238D52-6F9E-461B-8171-F47E64528BE1}.DVD-5|Any CPU.Build.0 = DVD-5
		{78238D52-6F9E-461B-8171-F47E64528BE1}.DVD-5|Mixed Platforms.ActiveCfg = DVD-5
		{78238D52-6F9E-461B-8171-F47E64528BE1}.DVD-5|Mixed Platforms.Build.0 = DVD-5
		{78238D52-6F9E-461B-8171-F47E64528BE1}.DVD-5|x64.ActiveCfg = DVD-5
		{78238D52-6F9E-461B-8171-F47E64528BE1}.DVD-5|x64.Build.0 = DVD-5
		{78238D52-6F9E-461B-8171-F47E64528BE1}.DVD-5|x86.ActiveCfg = DVD-5
		{78238D52-6F9E-461B-8171-F47E64528BE1}.DVD-5|x86.Build.0 = DVD-5
		{78238D52-6F9E-461B-8171-F47E64528BE1}.Release|Any CPU.ActiveCfg = SingleImage
		{78238D52-6F9E-461B-8171-F47E64528BE1}.Release|Any CPU.Build.0 = SingleImage
		{78238D52-6F9E-461B-8171-F47E64528BE1}.Release|Mixed Platforms.ActiveCfg = SingleImage
		{78238D52-6F9E-461B-8171-F47E64528BE1}.Release|Mixed Platforms.Build.0 = SingleImage
		{78238D52-6F9E-461B-8171-F47E64528BE1}.Release|x64.ActiveCfg = SingleImage
		{78238D52-6F9E-461B-8171-F47E64528BE1}.Release|x64.Build.0 = SingleImage
		{78238D52-6F9E-461B-8171-F47E64528BE1}.Release|x86.ActiveCfg = SingleImage
		{78238D52-6F9E-461B-8171-F47E64528BE1}.Release|x86.Build.0 = SingleImage
		{78238D52-6F9E-461B-8171-F47E64528BE1}.SingleImage|Any CPU.ActiveCfg = SingleImage
		{78238D52-6F9E-461B-8171-F47E64528BE1}.SingleImage|Any CPU.Build.0 = SingleImage
		{78238D52-6F9E-461B-8171-F47E64528BE1}.SingleImage|Mixed Platforms.ActiveCfg = SingleImage
		{78238D52-6F9E-461B-8171-F47E64528BE1}.SingleImage|Mixed Platforms.Build.0 = SingleImage
		{78238D52-6F9E-461B-8171-F47E64528BE1}.SingleImage|x64.ActiveCfg = SingleImage
		{78238D52-6F9E-461B-8171-F47E64528BE1}.SingleImage|x64.Build.0 = SingleImage
		{78238D52-6F9E-461B-8171-F47E64528BE1}.SingleImage|x86.ActiveCfg = SingleImage
		{78238D52-6F9E-461B-8171-F47E64528BE1}.SingleImage|x86.Build.0 = SingleImage
		{78238D52-6F9E-461B-8171-F47E64528BE1}.tpfMargin|Any CPU.ActiveCfg = SingleImage
		{78238D52-6F9E-461B-8171-F47E64528BE1}.tpfMargin|Any CPU.Build.0 = SingleImage
		{78238D52-6F9E-461B-8171-F47E64528BE1}.tpfMargin|Mixed Platforms.ActiveCfg = SingleImage
		{78238D52-6F9E-461B-8171-F47E64528BE1}.tpfMargin|Mixed Platforms.Build.0 = SingleImage
		{78238D52-6F9E-461B-8171-F47E64528BE1}.tpfMargin|x64.ActiveCfg = SingleImage
		{78238D52-6F9E-461B-8171-F47E64528BE1}.tpfMargin|x64.Build.0 = SingleImage
		{78238D52-6F9E-461B-8171-F47E64528BE1}.tpfMargin|x86.ActiveCfg = SingleImage
		{78238D52-6F9E-461B-8171-F47E64528BE1}.tpfMargin|x86.Build.0 = SingleImage
		{DA9CC48B-0F83-4332-BB9B-04DC05A0E760}.CD_ROM|Any CPU.ActiveCfg = Release|x86
		{DA9CC48B-0F83-4332-BB9B-04DC05A0E760}.CD_ROM|Mixed Platforms.ActiveCfg = Release|x86
		{DA9CC48B-0F83-4332-BB9B-04DC05A0E760}.CD_ROM|Mixed Platforms.Build.0 = Release|x86
		{DA9CC48B-0F83-4332-BB9B-04DC05A0E760}.CD_ROM|x64.ActiveCfg = Release|x86
		{DA9CC48B-0F83-4332-BB9B-04DC05A0E760}.CD_ROM|x86.ActiveCfg = Release|x86
		{DA9CC48B-0F83-4332-BB9B-04DC05A0E760}.CD_ROM|x86.Build.0 = Release|x86
		{DA9CC48B-0F83-4332-BB9B-04DC05A0E760}.Debug|Any CPU.ActiveCfg = Debug|x86
		{DA9CC48B-0F83-4332-BB9B-04DC05A0E760}.Debug|Mixed Platforms.ActiveCfg = Debug|x86
		{DA9CC48B-0F83-4332-BB9B-04DC05A0E760}.Debug|Mixed Platforms.Build.0 = Debug|x86
		{DA9CC48B-0F83-4332-BB9B-04DC05A0E760}.Debug|x64.ActiveCfg = Debug|x86
		{DA9CC48B-0F83-4332-BB9B-04DC05A0E760}.Debug|x86.ActiveCfg = Debug|x86
		{DA9CC48B-0F83-4332-BB9B-04DC05A0E760}.Debug|x86.Build.0 = Debug|x86
		{DA9CC48B-0F83-4332-BB9B-04DC05A0E760}.DVD-5|Any CPU.ActiveCfg = Debug|x86
		{DA9CC48B-0F83-4332-BB9B-04DC05A0E760}.DVD-5|Mixed Platforms.ActiveCfg = Debug|x86
		{DA9CC48B-0F83-4332-BB9B-04DC05A0E760}.DVD-5|Mixed Platforms.Build.0 = Debug|x86
		{DA9CC48B-0F83-4332-BB9B-04DC05A0E760}.DVD-5|x64.ActiveCfg = Debug|x86
		{DA9CC48B-0F83-4332-BB9B-04DC05A0E760}.DVD-5|x86.ActiveCfg = Debug|x86
		{DA9CC48B-0F83-4332-BB9B-04DC05A0E760}.DVD-5|x86.Build.0 = Debug|x86
		{DA9CC48B-0F83-4332-BB9B-04DC05A0E760}.Release|Any CPU.ActiveCfg = Release|x86
		{DA9CC48B-0F83-4332-BB9B-04DC05A0E760}.Release|Mixed Platforms.ActiveCfg = Release|x86
		{DA9CC48B-0F83-4332-BB9B-04DC05A0E760}.Release|Mixed Platforms.Build.0 = Release|x86
		{DA9CC48B-0F83-4332-BB9B-04DC05A0E760}.Release|x64.ActiveCfg = Release|x86
		{DA9CC48B-0F83-4332-BB9B-04DC05A0E760}.Release|x86.ActiveCfg = Release|x86
		{DA9CC48B-0F83-4332-BB9B-04DC05A0E760}.Release|x86.Build.0 = Release|x86
		{DA9CC48B-0F83-4332-BB9B-04DC05A0E760}.SingleImage|Any CPU.ActiveCfg = Release|x86
		{DA9CC48B-0F83-4332-BB9B-04DC05A0E760}.SingleImage|Mixed Platforms.ActiveCfg = Release|x86
		{DA9CC48B-0F83-4332-BB9B-04DC05A0E760}.SingleImage|Mixed Platforms.Build.0 = Release|x86
		{DA9CC48B-0F83-4332-BB9B-04DC05A0E760}.SingleImage|x64.ActiveCfg = Release|x86
		{DA9CC48B-0F83-4332-BB9B-04DC05A0E760}.SingleImage|x86.ActiveCfg = Release|x86
		{DA9CC48B-0F83-4332-BB9B-04DC05A0E760}.SingleImage|x86.Build.0 = Release|x86
		{DA9CC48B-0F83-4332-BB9B-04DC05A0E760}.tpfMargin|Any CPU.ActiveCfg = Release|x86
		{DA9CC48B-0F83-4332-BB9B-04DC05A0E760}.tpfMargin|Mixed Platforms.ActiveCfg = Release|x86
		{DA9CC48B-0F83-4332-BB9B-04DC05A0E760}.tpfMargin|Mixed Platforms.Build.0 = Release|x86
		{DA9CC48B-0F83-4332-BB9B-04DC05A0E760}.tpfMargin|x64.ActiveCfg = Release|x86
		{DA9CC48B-0F83-4332-BB9B-04DC05A0E760}.tpfMargin|x86.ActiveCfg = Release|x86
		{DA9CC48B-0F83-4332-BB9B-04DC05A0E760}.tpfMargin|x86.Build.0 = Release|x86
	EndGlobalSection
	GlobalSection(SolutionProperties) = preSolution
		HideSolutionNode = FALSE
	EndGlobalSection
EndGlobal
