
Microsoft Visual Studio Solution File, Format Version 11.00
# Visual Studio 2010
Project("{F184B08F-C81C-45F6-A57F-5ABD9991F28F}") = "fTray", "fTray\fTray.vbproj", "{C0F5AEE1-C9F1-4343-AA8F-B95DEAB6854F}"
EndProject
Global
	GlobalSection(SolutionConfigurationPlatforms) = preSolution
		Debug|x86 = Debug|x86
		Release|x86 = Release|x86
	EndGlobalSection
	GlobalSection(ProjectConfigurationPlatforms) = postSolution
		{C0F5AEE1-C9F1-4343-AA8F-B95DEAB6854F}.Debug|x86.ActiveCfg = Debug|x86
		{C0F5AEE1-C9F1-4343-AA8F-B95DEAB6854F}.Debug|x86.Build.0 = Debug|x86
		{C0F5AEE1-C9F1-4343-AA8F-B95DEAB6854F}.Release|x86.ActiveCfg = Release|x86
		{C0F5AEE1-C9F1-4343-AA8F-B95DEAB6854F}.Release|x86.Build.0 = Release|x86
	EndGlobalSection
	GlobalSection(SolutionProperties) = preSolution
		HideSolutionNode = FALSE
	EndGlobalSection
EndGlobal
