
Microsoft Visual Studio Solution File, Format Version 11.00
# Visual Studio 2010
Project("{F184B08F-C81C-45F6-A57F-5ABD9991F28F}") = "fInfo", "fInfo\fInfo.vbproj", "{232F43AB-2BDB-4F0E-8BC9-1B295FC0A0C6}"
EndProject
Project("{F184B08F-C81C-45F6-A57F-5ABD9991F28F}") = "gpuInfo", "GpuInfo\gpuInfo.vbproj", "{723A9873-C46A-4822-908B-E481C8F5EA3C}"
EndProject
Project("{F184B08F-C81C-45F6-A57F-5ABD9991F28F}") = "HWInfo", "HWInfo\HWInfo.vbproj", "{B3041FC0-062B-41A2-BE44-69EFB9E4E914}"
EndProject
Project("{F184B08F-C81C-45F6-A57F-5ABD9991F28F}") = "Data", "Data\Data.vbproj", "{055BF885-FFCD-4F40-A43F-96E4D3772BA6}"
EndProject
Project("{F184B08F-C81C-45F6-A57F-5ABD9991F28F}") = "FAHInterface", "FAHInterface\FAHInterface\FAHInterface.vbproj", "{1B7D8EDB-E1F6-4BFD-8200-9BD361794B8C}"
EndProject
Project("{F184B08F-C81C-45F6-A57F-5ABD9991F28F}") = "ucHWM", "ucHWM\ucHWM.vbproj", "{BD7FE958-02DB-4B36-A2FE-AD4A23AB5E57}"
EndProject
Project("{F184B08F-C81C-45F6-A57F-5ABD9991F28F}") = "ProjectInfo", "ProjectInfo\ProjectInfo.vbproj", "{91C412BF-3936-450F-B88F-CC97BAC150A5}"
EndProject
Global
	GlobalSection(SolutionConfigurationPlatforms) = preSolution
		Debug|Any CPU = Debug|Any CPU
		Debug|x64 = Debug|x64
		Debug|x86 = Debug|x86
		Release|Any CPU = Release|Any CPU
		Release|x64 = Release|x64
		Release|x86 = Release|x86
	EndGlobalSection
	GlobalSection(ProjectConfigurationPlatforms) = postSolution
		{232F43AB-2BDB-4F0E-8BC9-1B295FC0A0C6}.Debug|Any CPU.ActiveCfg = Debug|Any CPU
		{232F43AB-2BDB-4F0E-8BC9-1B295FC0A0C6}.Debug|Any CPU.Build.0 = Debug|Any CPU
		{232F43AB-2BDB-4F0E-8BC9-1B295FC0A0C6}.Debug|x64.ActiveCfg = Debug|x64
		{232F43AB-2BDB-4F0E-8BC9-1B295FC0A0C6}.Debug|x64.Build.0 = Debug|x64
		{232F43AB-2BDB-4F0E-8BC9-1B295FC0A0C6}.Debug|x86.ActiveCfg = Debug|x86
		{232F43AB-2BDB-4F0E-8BC9-1B295FC0A0C6}.Debug|x86.Build.0 = Debug|x86
		{232F43AB-2BDB-4F0E-8BC9-1B295FC0A0C6}.Release|Any CPU.ActiveCfg = Release|Any CPU
		{232F43AB-2BDB-4F0E-8BC9-1B295FC0A0C6}.Release|Any CPU.Build.0 = Release|Any CPU
		{232F43AB-2BDB-4F0E-8BC9-1B295FC0A0C6}.Release|x64.ActiveCfg = Release|x86
		{232F43AB-2BDB-4F0E-8BC9-1B295FC0A0C6}.Release|x86.ActiveCfg = Release|x86
		{232F43AB-2BDB-4F0E-8BC9-1B295FC0A0C6}.Release|x86.Build.0 = Release|x86
		{723A9873-C46A-4822-908B-E481C8F5EA3C}.Debug|Any CPU.ActiveCfg = Debug|Any CPU
		{723A9873-C46A-4822-908B-E481C8F5EA3C}.Debug|Any CPU.Build.0 = Debug|Any CPU
		{723A9873-C46A-4822-908B-E481C8F5EA3C}.Debug|x64.ActiveCfg = Debug|x64
		{723A9873-C46A-4822-908B-E481C8F5EA3C}.Debug|x64.Build.0 = Debug|x64
		{723A9873-C46A-4822-908B-E481C8F5EA3C}.Debug|x86.ActiveCfg = Debug|x86
		{723A9873-C46A-4822-908B-E481C8F5EA3C}.Debug|x86.Build.0 = Debug|x86
		{723A9873-C46A-4822-908B-E481C8F5EA3C}.Release|Any CPU.ActiveCfg = Release|Any CPU
		{723A9873-C46A-4822-908B-E481C8F5EA3C}.Release|Any CPU.Build.0 = Release|Any CPU
		{723A9873-C46A-4822-908B-E481C8F5EA3C}.Release|x64.ActiveCfg = Release|x86
		{723A9873-C46A-4822-908B-E481C8F5EA3C}.Release|x86.ActiveCfg = Release|x86
		{723A9873-C46A-4822-908B-E481C8F5EA3C}.Release|x86.Build.0 = Release|x86
		{B3041FC0-062B-41A2-BE44-69EFB9E4E914}.Debug|Any CPU.ActiveCfg = Debug|Any CPU
		{B3041FC0-062B-41A2-BE44-69EFB9E4E914}.Debug|Any CPU.Build.0 = Debug|Any CPU
		{B3041FC0-062B-41A2-BE44-69EFB9E4E914}.Debug|x64.ActiveCfg = Debug|x64
		{B3041FC0-062B-41A2-BE44-69EFB9E4E914}.Debug|x64.Build.0 = Debug|x64
		{B3041FC0-062B-41A2-BE44-69EFB9E4E914}.Debug|x86.ActiveCfg = Debug|x86
		{B3041FC0-062B-41A2-BE44-69EFB9E4E914}.Debug|x86.Build.0 = Debug|x86
		{B3041FC0-062B-41A2-BE44-69EFB9E4E914}.Release|Any CPU.ActiveCfg = Release|Any CPU
		{B3041FC0-062B-41A2-BE44-69EFB9E4E914}.Release|Any CPU.Build.0 = Release|Any CPU
		{B3041FC0-062B-41A2-BE44-69EFB9E4E914}.Release|x64.ActiveCfg = Release|x86
		{B3041FC0-062B-41A2-BE44-69EFB9E4E914}.Release|x86.ActiveCfg = Release|x86
		{B3041FC0-062B-41A2-BE44-69EFB9E4E914}.Release|x86.Build.0 = Release|x86
		{055BF885-FFCD-4F40-A43F-96E4D3772BA6}.Debug|Any CPU.ActiveCfg = Debug|Any CPU
		{055BF885-FFCD-4F40-A43F-96E4D3772BA6}.Debug|Any CPU.Build.0 = Debug|Any CPU
		{055BF885-FFCD-4F40-A43F-96E4D3772BA6}.Debug|x64.ActiveCfg = Debug|x64
		{055BF885-FFCD-4F40-A43F-96E4D3772BA6}.Debug|x64.Build.0 = Debug|x64
		{055BF885-FFCD-4F40-A43F-96E4D3772BA6}.Debug|x86.ActiveCfg = Debug|x86
		{055BF885-FFCD-4F40-A43F-96E4D3772BA6}.Debug|x86.Build.0 = Debug|x86
		{055BF885-FFCD-4F40-A43F-96E4D3772BA6}.Release|Any CPU.ActiveCfg = Release|Any CPU
		{055BF885-FFCD-4F40-A43F-96E4D3772BA6}.Release|Any CPU.Build.0 = Release|Any CPU
		{055BF885-FFCD-4F40-A43F-96E4D3772BA6}.Release|x64.ActiveCfg = Release|Any CPU
		{055BF885-FFCD-4F40-A43F-96E4D3772BA6}.Release|x86.ActiveCfg = Release|x86
		{055BF885-FFCD-4F40-A43F-96E4D3772BA6}.Release|x86.Build.0 = Release|x86
		{1B7D8EDB-E1F6-4BFD-8200-9BD361794B8C}.Debug|Any CPU.ActiveCfg = Debug|Any CPU
		{1B7D8EDB-E1F6-4BFD-8200-9BD361794B8C}.Debug|Any CPU.Build.0 = Debug|Any CPU
		{1B7D8EDB-E1F6-4BFD-8200-9BD361794B8C}.Debug|x64.ActiveCfg = Debug|x64
		{1B7D8EDB-E1F6-4BFD-8200-9BD361794B8C}.Debug|x64.Build.0 = Debug|x64
		{1B7D8EDB-E1F6-4BFD-8200-9BD361794B8C}.Debug|x86.ActiveCfg = Debug|x86
		{1B7D8EDB-E1F6-4BFD-8200-9BD361794B8C}.Debug|x86.Build.0 = Debug|x86
		{1B7D8EDB-E1F6-4BFD-8200-9BD361794B8C}.Release|Any CPU.ActiveCfg = Release|Any CPU
		{1B7D8EDB-E1F6-4BFD-8200-9BD361794B8C}.Release|Any CPU.Build.0 = Release|Any CPU
		{1B7D8EDB-E1F6-4BFD-8200-9BD361794B8C}.Release|x64.ActiveCfg = Release|Any CPU
		{1B7D8EDB-E1F6-4BFD-8200-9BD361794B8C}.Release|x86.ActiveCfg = Release|x86
		{1B7D8EDB-E1F6-4BFD-8200-9BD361794B8C}.Release|x86.Build.0 = Release|x86
		{BD7FE958-02DB-4B36-A2FE-AD4A23AB5E57}.Debug|Any CPU.ActiveCfg = Debug|Any CPU
		{BD7FE958-02DB-4B36-A2FE-AD4A23AB5E57}.Debug|Any CPU.Build.0 = Debug|Any CPU
		{BD7FE958-02DB-4B36-A2FE-AD4A23AB5E57}.Debug|x64.ActiveCfg = Debug|x86
		{BD7FE958-02DB-4B36-A2FE-AD4A23AB5E57}.Debug|x86.ActiveCfg = Debug|x86
		{BD7FE958-02DB-4B36-A2FE-AD4A23AB5E57}.Debug|x86.Build.0 = Debug|x86
		{BD7FE958-02DB-4B36-A2FE-AD4A23AB5E57}.Release|Any CPU.ActiveCfg = Release|Any CPU
		{BD7FE958-02DB-4B36-A2FE-AD4A23AB5E57}.Release|Any CPU.Build.0 = Release|Any CPU
		{BD7FE958-02DB-4B36-A2FE-AD4A23AB5E57}.Release|x64.ActiveCfg = Release|x86
		{BD7FE958-02DB-4B36-A2FE-AD4A23AB5E57}.Release|x86.ActiveCfg = Release|x86
		{BD7FE958-02DB-4B36-A2FE-AD4A23AB5E57}.Release|x86.Build.0 = Release|x86
		{91C412BF-3936-450F-B88F-CC97BAC150A5}.Debug|Any CPU.ActiveCfg = Debug|Any CPU
		{91C412BF-3936-450F-B88F-CC97BAC150A5}.Debug|Any CPU.Build.0 = Debug|Any CPU
		{91C412BF-3936-450F-B88F-CC97BAC150A5}.Debug|x64.ActiveCfg = Debug|Any CPU
		{91C412BF-3936-450F-B88F-CC97BAC150A5}.Debug|x86.ActiveCfg = Debug|x86
		{91C412BF-3936-450F-B88F-CC97BAC150A5}.Debug|x86.Build.0 = Debug|x86
		{91C412BF-3936-450F-B88F-CC97BAC150A5}.Release|Any CPU.ActiveCfg = Release|Any CPU
		{91C412BF-3936-450F-B88F-CC97BAC150A5}.Release|Any CPU.Build.0 = Release|Any CPU
		{91C412BF-3936-450F-B88F-CC97BAC150A5}.Release|x64.ActiveCfg = Release|Any CPU
		{91C412BF-3936-450F-B88F-CC97BAC150A5}.Release|x86.ActiveCfg = Release|Any CPU
	EndGlobalSection
	GlobalSection(SolutionProperties) = preSolution
		HideSolutionNode = FALSE
	EndGlobalSection
EndGlobal
